
Microsoft Visual Studio Solution File, Format Version 12.00
# Visual Studio 15
VisualStudioVersion = 15.0.28307.102
MinimumVisualStudioVersion = 10.0.40219.1
Project("{8BC9CEB8-8B4A-11D0-8D11-00A0C91BC942}") = "28.05.2019_Lesson", "28.05.2019_Lesson\28.05.2019_Lesson.vcxproj", "{7374C6FB-FCD6-4ED5-B0EA-3CD619E53308}"
EndProject
Global
	GlobalSection(SolutionConfigurationPlatforms) = preSolution
		Debug|x64 = Debug|x64
		Debug|x86 = Debug|x86
		Release|x64 = Release|x64
		Release|x86 = Release|x86
	EndGlobalSection
	GlobalSection(ProjectConfigurationPlatforms) = postSolution
		{7374C6FB-FCD6-4ED5-B0EA-3CD619E53308}.Debug|x64.ActiveCfg = Debug|x64
		{7374C6FB-FCD6-4ED5-B0EA-3CD619E53308}.Debug|x64.Build.0 = Debug|x64
		{7374C6FB-FCD6-4ED5-B0EA-3CD619E53308}.Debug|x86.ActiveCfg = Debug|Win32
		{7374C6FB-FCD6-4ED5-B0EA-3CD619E53308}.Debug|x86.Build.0 = Debug|Win32
		{7374C6FB-FCD6-4ED5-B0EA-3CD619E53308}.Release|x64.ActiveCfg = Release|x64
		{7374C6FB-FCD6-4ED5-B0EA-3CD619E53308}.Release|x64.Build.0 = Release|x64
		{7374C6FB-FCD6-4ED5-B0EA-3CD619E53308}.Release|x86.ActiveCfg = Release|Win32
		{7374C6FB-FCD6-4ED5-B0EA-3CD619E53308}.Release|x86.Build.0 = Release|Win32
	EndGlobalSection
	GlobalSection(SolutionProperties) = preSolution
		HideSolutionNode = FALSE
	EndGlobalSection
	GlobalSection(ExtensibilityGlobals) = postSolution
		SolutionGuid = {7F55075D-899B-403E-9CDF-1795C6F14DBF}
	EndGlobalSection
EndGlobal
